
Microsoft Visual Studio Solution File, Format Version 12.00
# Visual Studio 15
VisualStudioVersion = 15.0.27004.2008
MinimumVisualStudioVersion = 10.0.40219.1
Project("{FAE04EC0-301F-11D3-BF4B-00C04F79EFBC}") = "CodeBlockDepthAnalyzer", "CodeBlockDepthAnalyzer\CodeBlockDepthAnalyzer\CodeBlockDepthAnalyzer.csproj", "{4968BF66-8F72-439E-9AE2-2ACF0058CD74}"
EndProject
Project("{FAE04EC0-301F-11D3-BF4B-00C04F79EFBC}") = "CodeBlockDepthAnalyzer.Test", "CodeBlockDepthAnalyzer\CodeBlockDepthAnalyzer.Test\CodeBlockDepthAnalyzer.Test.csproj", "{5C88E6D8-5897-40EC-A919-389B1AEA6CA6}"
EndProject
Project("{FAE04EC0-301F-11D3-BF4B-00C04F79EFBC}") = "CodeBlockDepthAnalyzer.Vsix", "CodeBlockDepthAnalyzer\CodeBlockDepthAnalyzer.Vsix\CodeBlockDepthAnalyzer.Vsix.csproj", "{627741C8-2F25-4C57-B31A-3BF4AF3C3568}"
EndProject
Global
	GlobalSection(SolutionConfigurationPlatforms) = preSolution
		Debug|Any CPU = Debug|Any CPU
		Release|Any CPU = Release|Any CPU
	EndGlobalSection
	GlobalSection(ProjectConfigurationPlatforms) = postSolution
		{4968BF66-8F72-439E-9AE2-2ACF0058CD74}.Debug|Any CPU.ActiveCfg = Debug|Any CPU
		{4968BF66-8F72-439E-9AE2-2ACF0058CD74}.Debug|Any CPU.Build.0 = Debug|Any CPU
		{4968BF66-8F72-439E-9AE2-2ACF0058CD74}.Release|Any CPU.ActiveCfg = Release|Any CPU
		{4968BF66-8F72-439E-9AE2-2ACF0058CD74}.Release|Any CPU.Build.0 = Release|Any CPU
		{5C88E6D8-5897-40EC-A919-389B1AEA6CA6}.Debug|Any CPU.ActiveCfg = Debug|Any CPU
		{5C88E6D8-5897-40EC-A919-389B1AEA6CA6}.Debug|Any CPU.Build.0 = Debug|Any CPU
		{5C88E6D8-5897-40EC-A919-389B1AEA6CA6}.Release|Any CPU.ActiveCfg = Release|Any CPU
		{5C88E6D8-5897-40EC-A919-389B1AEA6CA6}.Release|Any CPU.Build.0 = Release|Any CPU
		{627741C8-2F25-4C57-B31A-3BF4AF3C3568}.Debug|Any CPU.ActiveCfg = Debug|Any CPU
		{627741C8-2F25-4C57-B31A-3BF4AF3C3568}.Debug|Any CPU.Build.0 = Debug|Any CPU
		{627741C8-2F25-4C57-B31A-3BF4AF3C3568}.Release|Any CPU.ActiveCfg = Release|Any CPU
		{627741C8-2F25-4C57-B31A-3BF4AF3C3568}.Release|Any CPU.Build.0 = Release|Any CPU
	EndGlobalSection
	GlobalSection(SolutionProperties) = preSolution
		HideSolutionNode = FALSE
	EndGlobalSection
	GlobalSection(ExtensibilityGlobals) = postSolution
		SolutionGuid = {749C5891-9742-4705-9B24-5A78F4697A7E}
	EndGlobalSection
EndGlobal
